hash: 055b281401734df746e64b7383b4ddb582c6b1f0b3103b47c5804ca63fe88d01
updated: 2017-06-22T12:04:29.631397315-07:00
imports:
- name: github.com/aws/aws-sdk-go
  version: aa827991a3c164e7d129a20edf80028605195eef
  subpackages:
  - aws
  - aws/awserr
  - aws/awsutil
  - aws/client
  - aws/client/metadata
  - aws/corehandlers
  - aws/credentials
  - aws/credentials/ec2rolecreds
  - aws/credentials/endpointcreds
  - aws/credentials/stscreds
  - aws/defaults
  - aws/ec2metadata
  - aws/endpoints
  - aws/request
  - aws/session
  - aws/signer/v4
  - internal/shareddefaults
  - private/protocol
  - private/protocol/query
  - private/protocol/query/queryutil
  - private/protocol/rest
  - private/protocol/restxml
  - private/protocol/xml/xmlutil
  - service/s3
  - service/s3/s3iface
  - service/sts
- name: github.com/go-ini/ini
  version: d3de07a94d22b4a0972deb4b96d790c2c0ce8333
- name: github.com/jmespath/go-jmespath
  version: bd40a432e4c76585ef6b72d3fd96fb9b6dc7b68d
- name: github.com/prometheus/client_golang
  version: de4d4ffe63b9eff7f27484fdef6e421597e6abb4
  subpackages:
  - api
  - api/prometheus/v1
  - prometheus
- name: github.com/prometheus/common
  version: 0d0c3d572886e0f2323ed376557f9eb99b97d25b
  subpackages:
  - expfmt
  - internal/bitbucket.org/ww/goautoneg
  - log
  - model
testImports:
- name: github.com/beorn7/perks
  version: 4c0e84591b9aa9e6dcfdf3e020114cd81f89d5f9
  subpackages:
  - quantile
- name: github.com/golang/protobuf
  version: 1fb8fd32a09087bcd727225167edd31e1b9ceb24
  subpackages:
  - proto
- name: github.com/golang/snappy
  version: 553a641470496b2327abcac10b36396bd98e45c9
- name: github.com/matttproud/golang_protobuf_extensions
  version: c12348ce28de40eed0136aa2b644d0ee0650e56c
  subpackages:
  - pbutil
- name: github.com/opentracing/opentracing-go
  version: 6edb48674bd9467b8e91fda004f2bd7202d60ce4
  subpackages:
  - log
- name: github.com/prometheus/client_model
  version: 6f3806018612930941127f2a7c6c453ba2c527d2
  subpackages:
  - go
- name: github.com/prometheus/procfs
  version: 822d4a1f8edcbcbc71e8d1fd6527b12331a6d0ad
  subpackages:
  - xfs
- name: github.com/prometheus/prometheus
  version: 3afb3fffa3a29c3de865e1172fb740442e9d0133
  subpackages:
  - promql
  - storage
  - storage/local
  - storage/local/chunk
  - storage/local/codable
  - storage/local/index
  - storage/metric
  - util/flock
  - util/stats
  - util/strutil
  - util/testutil
- name: github.com/sirupsen/logrus
  version: 3d4380f53a34dcdc95f0c1db702615992b38d9a4
- name: github.com/syndtr/goleveldb
  version: 8c81ea47d4c41a385645e133e15510fc6a2a74b4
  subpackages:
  - leveldb
  - leveldb/cache
  - leveldb/comparer
  - leveldb/errors
  - leveldb/filter
  - leveldb/iterator
  - leveldb/journal
  - leveldb/memdb
  - leveldb/opt
  - leveldb/storage
  - leveldb/table
  - leveldb/util
- name: golang.org/x/net
  version: 057a25b06247e0c51ba15d8ae475feb2fcb72164
  subpackages:
  - context
- name: golang.org/x/sys
  version: fb4cac33e3196ff7f507ab9b2d2a44b0142f5b5a
  subpackages:
  - unix
  - windows
  - windows/registry
  - windows/svc/eventlog
