dependencies:
- name: reporting-operator
  repository: ***REMOVED***le://../reporting-operator
  version: 0.1.0
- name: presto
  repository: ***REMOVED***le://../presto
  version: 0.1.0
- name: hdfs
  repository: ***REMOVED***le://../hdfs
  version: 0.1.0
digest: sha256:7e12109e54d14614188c60ad166b8883421f34bab3b7de98eed6cc2689395637
generated: 2018-08-14T12:00:56.216648-07:00
