dependencies:
- name: chargeback-operator
  repository: file://../chargeback-operator
  version: 0.1.0
- name: presto
  repository: file://../presto
  version: 0.1.0
- name: hdfs
  repository: file://../hdfs
  version: 0.1.0
digest: sha256:079de5349297d3e192a250b133b05c1e61521b9292c2057dd8cbc3353172dec3
generated: 2017-11-14T11:32:54.505065885-08:00
